
Microsoft Visual Studio Solution File, Format Version 12.00
# Visual Studio Version 17
VisualStudioVersion = 17.8.34330.188
MinimumVisualStudioVersion = 10.0.40219.1
Project("{9A19103F-16F7-4668-BE54-9A1E7A4F7556}") = "CelestialRTP", "CelestialRTP\CelestialRTP.csproj", "{7432B99B-0AFA-477D-B7F8-77E253EB8D33}"
EndProject
Project("{2150E333-8FDC-42A3-9474-1A3956D46DE8}") = "AudioWaveOut", "AudioWaveOut", "{766801AD-6F44-4488-963B-166E0EE46902}"
EndProject
Project("{FAE04EC0-301F-11D3-BF4B-00C04F79EFBC}") = "AudioWaveOutClassLibrary", "AudioWaveOutClassLibrary\AudioWaveOutClassLibrary.csproj", "{5F70F0F8-0233-49F3-8E94-87FD9B459AC0}"
EndProject
Project("{2150E333-8FDC-42A3-9474-1A3956D46DE8}") = "AudioLibraryUnitTests", "AudioLibraryUnitTests", "{BD87B51B-8B84-4352-84E0-51A942C787BB}"
EndProject
Project("{FAE04EC0-301F-11D3-BF4B-00C04F79EFBC}") = "AudioWaveOutUnitTest", "AudioWaveOutUnitTest\AudioWaveOutUnitTest.csproj", "{6CBFC9A3-AF84-4903-82E1-3BAAAEB66A3C}"
EndProject
Project("{2150E333-8FDC-42A3-9474-1A3956D46DE8}") = "Docs", "Docs", "{7C5450DB-B97C-428F-8875-A3B3F9DADBE4}"
EndProject
Global
	GlobalSection(SolutionConfigurationPlatforms) = preSolution
		Debug|Any CPU = Debug|Any CPU
		Release|Any CPU = Release|Any CPU
	EndGlobalSection
	GlobalSection(ProjectConfigurationPlatforms) = postSolution
		{7432B99B-0AFA-477D-B7F8-77E253EB8D33}.Debug|Any CPU.ActiveCfg = Debug|Any CPU
		{7432B99B-0AFA-477D-B7F8-77E253EB8D33}.Debug|Any CPU.Build.0 = Debug|Any CPU
		{7432B99B-0AFA-477D-B7F8-77E253EB8D33}.Release|Any CPU.ActiveCfg = Release|Any CPU
		{7432B99B-0AFA-477D-B7F8-77E253EB8D33}.Release|Any CPU.Build.0 = Release|Any CPU
		{5F70F0F8-0233-49F3-8E94-87FD9B459AC0}.Debug|Any CPU.ActiveCfg = Debug|Any CPU
		{5F70F0F8-0233-49F3-8E94-87FD9B459AC0}.Debug|Any CPU.Build.0 = Debug|Any CPU
		{5F70F0F8-0233-49F3-8E94-87FD9B459AC0}.Release|Any CPU.ActiveCfg = Release|Any CPU
		{5F70F0F8-0233-49F3-8E94-87FD9B459AC0}.Release|Any CPU.Build.0 = Release|Any CPU
		{6CBFC9A3-AF84-4903-82E1-3BAAAEB66A3C}.Debug|Any CPU.ActiveCfg = Debug|Any CPU
		{6CBFC9A3-AF84-4903-82E1-3BAAAEB66A3C}.Debug|Any CPU.Build.0 = Debug|Any CPU
		{6CBFC9A3-AF84-4903-82E1-3BAAAEB66A3C}.Release|Any CPU.ActiveCfg = Release|Any CPU
		{6CBFC9A3-AF84-4903-82E1-3BAAAEB66A3C}.Release|Any CPU.Build.0 = Release|Any CPU
	EndGlobalSection
	GlobalSection(SolutionProperties) = preSolution
		HideSolutionNode = FALSE
	EndGlobalSection
	GlobalSection(NestedProjects) = preSolution
		{5F70F0F8-0233-49F3-8E94-87FD9B459AC0} = {766801AD-6F44-4488-963B-166E0EE46902}
		{6CBFC9A3-AF84-4903-82E1-3BAAAEB66A3C} = {BD87B51B-8B84-4352-84E0-51A942C787BB}
	EndGlobalSection
	GlobalSection(ExtensibilityGlobals) = postSolution
		SolutionGuid = {DDE883EF-0A40-4BA0-9B46-3A271410918D}
	EndGlobalSection
EndGlobal
